
Microsoft Visual Studio Solution File, Format Version 12.00
# Visual Studio Version 17
VisualStudioVersion = 17.11.35327.3
MinimumVisualStudioVersion = 10.0.40219.1
Project("{FAE04EC0-301F-11D3-BF4B-00C04F79EFBC}") = "Lavanderia", "Lavanderia.csproj", "{7E76A17D-DA08-4A22-9248-8CC4FBB60E40}"
EndProject
Global
	GlobalSection(SolutionConfigurationPlatforms) = preSolution
		Debug|Any CPU = Debug|Any CPU
		Release|Any CPU = Release|Any CPU
	EndGlobalSection
	GlobalSection(ProjectConfigurationPlatforms) = postSolution
		{7E76A17D-DA08-4A22-9248-8CC4FBB60E40}.Debug|Any CPU.ActiveCfg = Debug|Any CPU
		{7E76A17D-DA08-4A22-9248-8CC4FBB60E40}.Debug|Any CPU.Build.0 = Debug|Any CPU
		{7E76A17D-DA08-4A22-9248-8CC4FBB60E40}.Release|Any CPU.ActiveCfg = Release|Any CPU
		{7E76A17D-DA08-4A22-9248-8CC4FBB60E40}.Release|Any CPU.Build.0 = Release|Any CPU
	EndGlobalSection
	GlobalSection(SolutionProperties) = preSolution
		HideSolutionNode = FALSE
	EndGlobalSection
	GlobalSection(ExtensibilityGlobals) = postSolution
		SolutionGuid = {05320D26-3A98-4A00-ACD1-CA839ADEBF22}
	EndGlobalSection
EndGlobal
